
Microsoft Visual Studio Solution File, Format Version 12.00
# Visual Studio Version 17
VisualStudioVersion = 17.13.35931.197
MinimumVisualStudioVersion = 10.0.40219.1
Project("{FAE04EC0-301F-11D3-BF4B-00C04F79EFBC}") = "App.Repositories", "Repositories\App.Repositories.csproj", "{DDA33321-C89D-4E57-8032-B9F3F793F696}"
EndProject
Project("{FAE04EC0-301F-11D3-BF4B-00C04F79EFBC}") = "App.Services", "Services\App.Services.csproj", "{3906C0D5-E8B0-4045-A873-E2F69639079A}"
EndProject
Project("{FAE04EC0-301F-11D3-BF4B-00C04F79EFBC}") = "App.API", "App.API\App.API.csproj", "{4617BC33-D83D-41EE-BCF8-2F6EF68809BB}"
EndProject
Project("{2150E333-8FDC-42A3-9474-1A3956D46DE8}") = "NLayer", "NLayer", "{02EA681E-C7D8-13C7-8484-4AC65E1B71E8}"
EndProject
Project("{2150E333-8FDC-42A3-9474-1A3956D46DE8}") = "CleanArchitecture", "CleanArchitecture", "{80E80490-682C-4A2D-919B-3A364AB96A19}"
EndProject
Project("{2150E333-8FDC-42A3-9474-1A3956D46DE8}") = "Src", "Src", "{12F8FFB4-FB38-42B6-A696-1D153347E5FF}"
EndProject
Project("{2150E333-8FDC-42A3-9474-1A3956D46DE8}") = "Test", "Test", "{F4264ADA-757A-4C20-8E24-A75F59B83994}"
EndProject
Project("{2150E333-8FDC-42A3-9474-1A3956D46DE8}") = "Core", "Core", "{51E55D8C-3802-40C6-B01E-738603521F01}"
EndProject
Project("{FAE04EC0-301F-11D3-BF4B-00C04F79EFBC}") = "CleanApp.Domain", "App.Domain\CleanApp.Domain.csproj", "{A24B0CE9-E2CB-40A1-B46B-35D0B8DAC0A8}"
EndProject
Project("{FAE04EC0-301F-11D3-BF4B-00C04F79EFBC}") = "CleanApp.Application", "App.Application\CleanApp.Application.csproj", "{00D45E4F-0F39-4658-A552-E6F6FEC2A0BE}"
EndProject
Project("{2150E333-8FDC-42A3-9474-1A3956D46DE8}") = "Infrastructure", "Infrastructure", "{9E65F5F9-D483-4DEF-AAB9-70A51436CA08}"
EndProject
Project("{FAE04EC0-301F-11D3-BF4B-00C04F79EFBC}") = "CleanApp.Persistence", "App.Persistence\CleanApp.Persistence.csproj", "{35495A84-3D60-44BE-8335-6EE3F0D89EEF}"
EndProject
Project("{2150E333-8FDC-42A3-9474-1A3956D46DE8}") = "API", "API", "{91540F6C-1D8A-42C4-9F3E-4B3408397559}"
EndProject
Project("{FAE04EC0-301F-11D3-BF4B-00C04F79EFBC}") = "CleanApp.API", "CleanApp.API\CleanApp.API.csproj", "{36760286-319A-49DB-A6E2-91B0B946EB16}"
EndProject
Project("{FAE04EC0-301F-11D3-BF4B-00C04F79EFBC}") = "CleanApp.Caching", "CleanApp.Caching\CleanApp.Caching.csproj", "{3FCD40B3-F8FC-44B2-A938-7E5E3FC85463}"
EndProject
Global
	GlobalSection(SolutionConfigurationPlatforms) = preSolution
		Debug|Any CPU = Debug|Any CPU
		Release|Any CPU = Release|Any CPU
	EndGlobalSection
	GlobalSection(ProjectConfigurationPlatforms) = postSolution
		{DDA33321-C89D-4E57-8032-B9F3F793F696}.Debug|Any CPU.ActiveCfg = Debug|Any CPU
		{DDA33321-C89D-4E57-8032-B9F3F793F696}.Debug|Any CPU.Build.0 = Debug|Any CPU
		{DDA33321-C89D-4E57-8032-B9F3F793F696}.Release|Any CPU.ActiveCfg = Release|Any CPU
		{DDA33321-C89D-4E57-8032-B9F3F793F696}.Release|Any CPU.Build.0 = Release|Any CPU
		{3906C0D5-E8B0-4045-A873-E2F69639079A}.Debug|Any CPU.ActiveCfg = Debug|Any CPU
		{3906C0D5-E8B0-4045-A873-E2F69639079A}.Debug|Any CPU.Build.0 = Debug|Any CPU
		{3906C0D5-E8B0-4045-A873-E2F69639079A}.Release|Any CPU.ActiveCfg = Release|Any CPU
		{3906C0D5-E8B0-4045-A873-E2F69639079A}.Release|Any CPU.Build.0 = Release|Any CPU
		{4617BC33-D83D-41EE-BCF8-2F6EF68809BB}.Debug|Any CPU.ActiveCfg = Debug|Any CPU
		{4617BC33-D83D-41EE-BCF8-2F6EF68809BB}.Debug|Any CPU.Build.0 = Debug|Any CPU
		{4617BC33-D83D-41EE-BCF8-2F6EF68809BB}.Release|Any CPU.ActiveCfg = Release|Any CPU
		{4617BC33-D83D-41EE-BCF8-2F6EF68809BB}.Release|Any CPU.Build.0 = Release|Any CPU
		{A24B0CE9-E2CB-40A1-B46B-35D0B8DAC0A8}.Debug|Any CPU.ActiveCfg = Debug|Any CPU
		{A24B0CE9-E2CB-40A1-B46B-35D0B8DAC0A8}.Debug|Any CPU.Build.0 = Debug|Any CPU
		{A24B0CE9-E2CB-40A1-B46B-35D0B8DAC0A8}.Release|Any CPU.ActiveCfg = Release|Any CPU
		{A24B0CE9-E2CB-40A1-B46B-35D0B8DAC0A8}.Release|Any CPU.Build.0 = Release|Any CPU
		{00D45E4F-0F39-4658-A552-E6F6FEC2A0BE}.Debug|Any CPU.ActiveCfg = Debug|Any CPU
		{00D45E4F-0F39-4658-A552-E6F6FEC2A0BE}.Debug|Any CPU.Build.0 = Debug|Any CPU
		{00D45E4F-0F39-4658-A552-E6F6FEC2A0BE}.Release|Any CPU.ActiveCfg = Release|Any CPU
		{00D45E4F-0F39-4658-A552-E6F6FEC2A0BE}.Release|Any CPU.Build.0 = Release|Any CPU
		{35495A84-3D60-44BE-8335-6EE3F0D89EEF}.Debug|Any CPU.ActiveCfg = Debug|Any CPU
		{35495A84-3D60-44BE-8335-6EE3F0D89EEF}.Debug|Any CPU.Build.0 = Debug|Any CPU
		{35495A84-3D60-44BE-8335-6EE3F0D89EEF}.Release|Any CPU.ActiveCfg = Release|Any CPU
		{35495A84-3D60-44BE-8335-6EE3F0D89EEF}.Release|Any CPU.Build.0 = Release|Any CPU
		{36760286-319A-49DB-A6E2-91B0B946EB16}.Debug|Any CPU.ActiveCfg = Debug|Any CPU
		{36760286-319A-49DB-A6E2-91B0B946EB16}.Debug|Any CPU.Build.0 = Debug|Any CPU
		{36760286-319A-49DB-A6E2-91B0B946EB16}.Release|Any CPU.ActiveCfg = Release|Any CPU
		{36760286-319A-49DB-A6E2-91B0B946EB16}.Release|Any CPU.Build.0 = Release|Any CPU
		{3FCD40B3-F8FC-44B2-A938-7E5E3FC85463}.Debug|Any CPU.ActiveCfg = Debug|Any CPU
		{3FCD40B3-F8FC-44B2-A938-7E5E3FC85463}.Debug|Any CPU.Build.0 = Debug|Any CPU
		{3FCD40B3-F8FC-44B2-A938-7E5E3FC85463}.Release|Any CPU.ActiveCfg = Release|Any CPU
		{3FCD40B3-F8FC-44B2-A938-7E5E3FC85463}.Release|Any CPU.Build.0 = Release|Any CPU
	EndGlobalSection
	GlobalSection(SolutionProperties) = preSolution
		HideSolutionNode = FALSE
	EndGlobalSection
	GlobalSection(NestedProjects) = preSolution
		{DDA33321-C89D-4E57-8032-B9F3F793F696} = {02EA681E-C7D8-13C7-8484-4AC65E1B71E8}
		{3906C0D5-E8B0-4045-A873-E2F69639079A} = {02EA681E-C7D8-13C7-8484-4AC65E1B71E8}
		{4617BC33-D83D-41EE-BCF8-2F6EF68809BB} = {02EA681E-C7D8-13C7-8484-4AC65E1B71E8}
		{12F8FFB4-FB38-42B6-A696-1D153347E5FF} = {80E80490-682C-4A2D-919B-3A364AB96A19}
		{F4264ADA-757A-4C20-8E24-A75F59B83994} = {80E80490-682C-4A2D-919B-3A364AB96A19}
		{51E55D8C-3802-40C6-B01E-738603521F01} = {12F8FFB4-FB38-42B6-A696-1D153347E5FF}
		{A24B0CE9-E2CB-40A1-B46B-35D0B8DAC0A8} = {51E55D8C-3802-40C6-B01E-738603521F01}
		{00D45E4F-0F39-4658-A552-E6F6FEC2A0BE} = {51E55D8C-3802-40C6-B01E-738603521F01}
		{9E65F5F9-D483-4DEF-AAB9-70A51436CA08} = {12F8FFB4-FB38-42B6-A696-1D153347E5FF}
		{35495A84-3D60-44BE-8335-6EE3F0D89EEF} = {9E65F5F9-D483-4DEF-AAB9-70A51436CA08}
		{91540F6C-1D8A-42C4-9F3E-4B3408397559} = {12F8FFB4-FB38-42B6-A696-1D153347E5FF}
		{36760286-319A-49DB-A6E2-91B0B946EB16} = {91540F6C-1D8A-42C4-9F3E-4B3408397559}
		{3FCD40B3-F8FC-44B2-A938-7E5E3FC85463} = {9E65F5F9-D483-4DEF-AAB9-70A51436CA08}
	EndGlobalSection
	GlobalSection(ExtensibilityGlobals) = postSolution
		SolutionGuid = {969EA001-D13E-4B19-8DF1-1DF7725C0CF2}
	EndGlobalSection
EndGlobal
